Microsoft Visual Studio Solution File, Format Version 8.00
Project("{8BC9CEB8-8B4A-11D0-8D11-00A0C91BC942}") = "aleph", "aleph.vcproj", "{0EB7A525-039D-44B6-A4A1-2C26B0D4DFAD}"
	ProjectSection(ProjectDependencies) = postProject
	EndProjectSection
EndProject
Global
	GlobalSection(SolutionConfiguration) = preSolution
		Debug = Debug
		Release = Release
	EndGlobalSection
	GlobalSection(ProjectConfiguration) = postSolution
		{0EB7A525-039D-44B6-A4A1-2C26B0D4DFAD}.Debug.ActiveCfg = Debug|Win32
		{0EB7A525-039D-44B6-A4A1-2C26B0D4DFAD}.Debug.Build.0 = Debug|Win32
		{0EB7A525-039D-44B6-A4A1-2C26B0D4DFAD}.Release.ActiveCfg = Release|Win32
		{0EB7A525-039D-44B6-A4A1-2C26B0D4DFAD}.Release.Build.0 = Release|Win32
	EndGlobalSection
	GlobalSection(ExtensibilityGlobals) = postSolution
	EndGlobalSection
	GlobalSection(ExtensibilityAddIns) = postSolution
	EndGlobalSection
EndGlobal
