// !$*UTF8*$!
{
	archiveVersion = 1;
	classes = {
	};
	objectVersion = 34;
	objects = {
		0249A665FF388DC511CA2CEA = {
			isa = PBXApplicationReference;
			path = Pfhormz.app;
			refType = 3;
		};
		0249A669FF388E3911CA2CEA = {
			isa = PBXFileReference;
			name = "libstdc++.a";
			path = "/usr/lib/libstdc++.a";
			refType = 0;
		};
		0249A66AFF388E3911CA2CEA = {
			fileRef = 0249A669FF388E3911CA2CEA;
			isa = PBXBuildFile;
			settings = {
			};
		};
//020
//021
//022
//023
//024
//040
//041
//042
//043
//044
		04313892FE3035C9C02AAC07 = {
			buildActionMask = 2147483647;
			files = (
			);
			isa = PBXRezBuildPhase;
			name = "ResourceManager Resources";
		};
//040
//041
//042
//043
//044
//050
//051
//052
//053
//054
		05952DFCFFF02D1B11CA0E50 = {
			buildRules = (
			);
			buildSettings = {
				COPY_PHASE_STRIP = NO;
				OPTIMIZATION_CFLAGS = "-O0";
			};
			isa = PBXBuildStyle;
			name = Development;
		};
		05952DFDFFF02D1B11CA0E50 = {
			buildRules = (
			);
			buildSettings = {
				COPY_PHASE_STRIP = YES;
			};
			isa = PBXBuildStyle;
			name = Deployment;
		};
//050
//051
//052
//053
//054
//080
//081
//082
//083
//084
		0867D6AAFE840B52C02AAC07 = {
			children = (
				0867D6ABFE840B52C02AAC07,
			);
			isa = PBXVariantGroup;
			name = InfoPlist.strings;
			refType = 4;
		};
		0867D6ABFE840B52C02AAC07 = {
			fileEncoding = 10;
			isa = PBXFileReference;
			name = English;
			path = English.lproj/InfoPlist.strings;
			refType = 4;
		};
		0867D6ACFE840B52C02AAC07 = {
			fileRef = 0867D6AAFE840B52C02AAC07;
			isa = PBXBuildFile;
			settings = {
			};
		};
//080
//081
//082
//083
//084
//190
//191
//192
//193
//194
		195DF8C9FE9D4F0611CA2CBB = {
			children = (
				0249A665FF388DC511CA2CEA,
			);
			isa = PBXGroup;
			name = Products;
			refType = 4;
		};
//190
//191
//192
//193
//194
//200
//201
//202
//203
//204
		20286C28FDCF999611CA2CEA = {
			buildStyles = (
				05952DFCFFF02D1B11CA0E50,
				05952DFDFFF02D1B11CA0E50,
			);
			isa = PBXProject;
			mainGroup = 20286C29FDCF999611CA2CEA;
			projectDirPath = "";
			targets = (
				20286C34FDCF999611CA2CEA,
			);
		};
		20286C29FDCF999611CA2CEA = {
			children = (
				20286C2AFDCF999611CA2CEA,
				20286C2CFDCF999611CA2CEA,
				20286C32FDCF999611CA2CEA,
				195DF8C9FE9D4F0611CA2CBB,
			);
			isa = PBXGroup;
			name = "¬´PROJECTNAME¬ª";
			path = "";
			refType = 4;
		};
		20286C2AFDCF999611CA2CEA = {
			children = (
				F5E7393902247604010AB710,
				F51E0F3B0215EDA301329B48,
				F51E0F100215E96601329B48,
				F51E0F110215E96601329B48,
				F51E0F120215E96601329B48,
				F51E0F130215E96601329B48,
				F51E0F140215E96601329B48,
				F51E0F150215E96601329B48,
				F51E0F160215E96601329B48,
				F51E0F170215E96601329B48,
				F51E0F180215E96601329B48,
				F51E0F190215E96601329B48,
				F51E0F1A0215E96601329B48,
				F51E0F1B0215E96601329B48,
				F51E0F1C0215E96601329B48,
				F51E0F290215EA7D01329B48,
				F51E0F2A0215EA7D01329B48,
				F51E0F330215ECAC01329B48,
				F51E0F340215ECAC01329B48,
			);
			isa = PBXGroup;
			name = Sources;
			path = "";
			refType = 4;
		};
		20286C2CFDCF999611CA2CEA = {
			children = (
				0867D6AAFE840B52C02AAC07,
			);
			isa = PBXGroup;
			name = Resources;
			path = "";
			refType = 4;
		};
		20286C32FDCF999611CA2CEA = {
			children = (
				0249A669FF388E3911CA2CEA,
				F51E0F2B0215EA7D01329B48,
				F51E0F2C0215EA7D01329B48,
				F51E0F2D0215EA7D01329B48,
				F51E0F350215ECAC01329B48,
				F51E0F360215ECAC01329B48,
				F51E0F590215EF1B01329B48,
			);
			isa = PBXGroup;
			name = "External Frameworks and Libraries";
			path = "";
			refType = 4;
		};
		20286C34FDCF999611CA2CEA = {
			buildPhases = (
				20286C35FDCF999611CA2CEA,
				20286C36FDCF999611CA2CEA,
				20286C38FDCF999611CA2CEA,
				20286C3BFDCF999611CA2CEA,
				04313892FE3035C9C02AAC07,
			);
			buildSettings = {
				FRAMEWORK_SEARCH_PATHS = "";
				HEADER_SEARCH_PATHS = "../../Source_Files/CSeries ../../Source_Files/Misc ../../Source_Files/ModelView";
				IMPLICITLY_INCLUDED_HEADERS = /System/Library/Frameworks/CoreServices.framework/Versions/A/Frameworks/CarbonCore.framework/Versions/A/Headers/ConditionalMacros.h;
				LIBRARY_SEARCH_PATHS = "";
				OPTIMIZATION_CFLAGS = "-O3";
				OTHER_CFLAGS = "-DTARGET_API_MAC_CARBON -Dmac -DSUPPRESS_MACOS_CLASSIC -DUSE_CARBON_ACCESSORS";
				OTHER_REZFLAGS = "";
				PRODUCT_NAME = Pfhormz;
				SECTORDER_FLAGS = "";
				WARNING_CFLAGS = "-Wmost -Wno-four-char-constants -Wno-unknown-pragmas";
				WRAPPER_EXTENSION = app;
			};
			dependencies = (
			);
			isa = PBXApplicationTarget;
			name = Pfhormz;
			productName = "¬´PROJECTNAME¬ª";
			productReference = 0249A665FF388DC511CA2CEA;
			productSettingsXML = "<?xml version=\"1.0\" encoding=\"UTF-8\"?>
<!DOCTYPE plist SYSTEM \"file://localhost/System/Library/DTDs/PropertyList.dtd\">
<plist version=\"0.9\">
<dict>
	<key>CFBundleDevelopmentRegion</key>
	<string>English</string>
	<key>CFBundleExecutable</key>
	<string>Pfhormz</string>
	<key>CFBundleIconFile</key>
	<string></string>
	<key>CFBundleInfoDictionaryVersion</key>
	<string>6.0</string>
	<key>CFBundlePackageType</key>
	<string>APPL</string>
	<key>CFBundleSignature</key>
	<string>????</string>
	<key>CFBundleVersion</key>
	<string>0.1</string>
	<key>CSResourcesFileMapped</key>
	<true/>
</dict>
</plist>
";
			shouldUseHeadermap = 1;
		};
		20286C35FDCF999611CA2CEA = {
			buildActionMask = 2147483647;
			files = (
				F51E0F1D0215E96601329B48,
				F51E0F1E0215E96601329B48,
				F51E0F1F0215E96601329B48,
				F51E0F200215E96601329B48,
				F51E0F210215E96601329B48,
				F51E0F2E0215EA7D01329B48,
				F51E0F370215ECAC01329B48,
				F51E0F4D0215EDA301329B48,
				F51E0F4E0215EDA301329B48,
				F51E0F4F0215EDA301329B48,
				F51E0F500215EDA301329B48,
				F51E0F510215EDA301329B48,
				F5E7394C02247604010AB710,
				F5E7394D02247604010AB710,
				F5E7394E02247604010AB710,
				F5E7394F02247604010AB710,
				F5E7395002247604010AB710,
				F5E7395102247604010AB710,
				F5E7395202247604010AB710,
				F5E7395302247604010AB710,
				F5E7395402247604010AB710,
				F5E7395502247604010AB710,
				F5E7395602247604010AB710,
			);
			isa = PBXHeadersBuildPhase;
			name = Headers;
		};
		20286C36FDCF999611CA2CEA = {
			buildActionMask = 2147483647;
			files = (
				0867D6ACFE840B52C02AAC07,
			);
			isa = PBXResourcesBuildPhase;
			name = "Bundle Resources";
		};
		20286C38FDCF999611CA2CEA = {
			buildActionMask = 2147483647;
			files = (
				F51E0F220215E96601329B48,
				F51E0F230215E96601329B48,
				F51E0F240215E96601329B48,
				F51E0F250215E96601329B48,
				F51E0F260215E96601329B48,
				F51E0F270215E96601329B48,
				F51E0F2F0215EA7D01329B48,
				F51E0F380215ECAC01329B48,
				F51E0F520215EDA301329B48,
				F51E0F530215EDA301329B48,
				F51E0F540215EDA301329B48,
				F51E0F550215EDA301329B48,
				F51E0F560215EDA301329B48,
				F51E0F570215EDA301329B48,
				F5E7395702247604010AB710,
				F5E7395802247604010AB710,
				F5E7395902247604010AB710,
				F5E7395A02247604010AB710,
				F5E7395B02247604010AB710,
				F5E7395C02247604010AB710,
				F5E7395D02247604010AB710,
			);
			isa = PBXSourcesBuildPhase;
			name = Sources;
		};
		20286C3BFDCF999611CA2CEA = {
			buildActionMask = 2147483647;
			files = (
				0249A66AFF388E3911CA2CEA,
				F51E0F300215EA7D01329B48,
				F51E0F310215EA7D01329B48,
				F51E0F320215EA7D01329B48,
				F51E0F390215ECAC01329B48,
				F51E0F3A0215ECAC01329B48,
				F51E0F5A0215EF1B01329B48,
			);
			isa = PBXFrameworksBuildPhase;
			name = "Frameworks & Libraries";
		};
//200
//201
//202
//203
//204
//F50
//F51
//F52
//F53
//F54
		F51E0F100215E96601329B48 = {
			isa = PBXFileReference;
			name = Dim3_Loader.cpp;
			path = ../../Source_Files/ModelView/Dim3_Loader.cpp;
			refType = 2;
		};
		F51E0F110215E96601329B48 = {
			isa = PBXFileReference;
			name = Dim3_Loader.h;
			path = ../../Source_Files/ModelView/Dim3_Loader.h;
			refType = 2;
		};
		F51E0F120215E96601329B48 = {
			isa = PBXFileReference;
			name = Model3D.cpp;
			path = ../../Source_Files/ModelView/Model3D.cpp;
			refType = 2;
		};
		F51E0F130215E96601329B48 = {
			isa = PBXFileReference;
			name = Model3D.h;
			path = ../../Source_Files/ModelView/Model3D.h;
			refType = 2;
		};
		F51E0F140215E96601329B48 = {
			isa = PBXFileReference;
			name = ModelRenderer.cpp;
			path = ../../Source_Files/ModelView/ModelRenderer.cpp;
			refType = 2;
		};
		F51E0F150215E96601329B48 = {
			isa = PBXFileReference;
			name = ModelRenderer.h;
			path = ../../Source_Files/ModelView/ModelRenderer.h;
			refType = 2;
		};
		F51E0F160215E96601329B48 = {
			isa = PBXFileReference;
			name = MV_Shell.cp;
			path = ../../Source_Files/ModelView/MV_Shell.cp;
			refType = 2;
		};
		F51E0F170215E96601329B48 = {
			isa = PBXFileReference;
			name = QD3D_Loader.cpp;
			path = ../../Source_Files/ModelView/QD3D_Loader.cpp;
			refType = 2;
		};
		F51E0F180215E96601329B48 = {
			isa = PBXFileReference;
			name = QD3D_Loader.h;
			path = ../../Source_Files/ModelView/QD3D_Loader.h;
			refType = 2;
		};
		F51E0F190215E96601329B48 = {
			isa = PBXFileReference;
			name = StudioLoader.cpp;
			path = ../../Source_Files/ModelView/StudioLoader.cpp;
			refType = 2;
		};
		F51E0F1A0215E96601329B48 = {
			isa = PBXFileReference;
			name = StudioLoader.h;
			path = ../../Source_Files/ModelView/StudioLoader.h;
			refType = 2;
		};
		F51E0F1B0215E96601329B48 = {
			isa = PBXFileReference;
			name = WavefrontLoader.cpp;
			path = ../../Source_Files/ModelView/WavefrontLoader.cpp;
			refType = 2;
		};
		F51E0F1C0215E96601329B48 = {
			isa = PBXFileReference;
			name = WavefrontLoader.h;
			path = ../../Source_Files/ModelView/WavefrontLoader.h;
			refType = 2;
		};
		F51E0F1D0215E96601329B48 = {
			fileRef = F51E0F110215E96601329B48;
			isa = PBXBuildFile;
			settings = {
			};
		};
		F51E0F1E0215E96601329B48 = {
			fileRef = F51E0F130215E96601329B48;
			isa = PBXBuildFile;
			settings = {
			};
		};
		F51E0F1F0215E96601329B48 = {
			fileRef = F51E0F150215E96601329B48;
			isa = PBXBuildFile;
			settings = {
			};
		};
		F51E0F200215E96601329B48 = {
			fileRef = F51E0F1A0215E96601329B48;
			isa = PBXBuildFile;
			settings = {
			};
		};
		F51E0F210215E96601329B48 = {
			fileRef = F51E0F1C0215E96601329B48;
			isa = PBXBuildFile;
			settings = {
			};
		};
		F51E0F220215E96601329B48 = {
			fileRef = F51E0F100215E96601329B48;
			isa = PBXBuildFile;
			settings = {
			};
		};
		F51E0F230215E96601329B48 = {
			fileRef = F51E0F120215E96601329B48;
			isa = PBXBuildFile;
			settings = {
			};
		};
		F51E0F240215E96601329B48 = {
			fileRef = F51E0F140215E96601329B48;
			isa = PBXBuildFile;
			settings = {
			};
		};
		F51E0F250215E96601329B48 = {
			fileRef = F51E0F160215E96601329B48;
			isa = PBXBuildFile;
			settings = {
			};
		};
		F51E0F260215E96601329B48 = {
			fileRef = F51E0F190215E96601329B48;
			isa = PBXBuildFile;
			settings = {
			};
		};
		F51E0F270215E96601329B48 = {
			fileRef = F51E0F1B0215E96601329B48;
			isa = PBXBuildFile;
			settings = {
			};
		};
		F51E0F290215EA7D01329B48 = {
			isa = PBXFileReference;
			name = FileHandler.cpp;
			path = ../../Source_Files/Misc/FileHandler.cpp;
			refType = 2;
		};
		F51E0F2A0215EA7D01329B48 = {
			isa = PBXFileReference;
			name = FileHandler.h;
			path = ../../Source_Files/Misc/FileHandler.h;
			refType = 2;
		};
		F51E0F2B0215EA7D01329B48 = {
			isa = PBXFrameworkReference;
			name = AGL.framework;
			path = ../../../../../../../System/Library/Frameworks/AGL.framework;
			refType = 2;
		};
		F51E0F2C0215EA7D01329B48 = {
			isa = PBXFrameworkReference;
			name = GLUT.framework;
			path = ../../../../../../../System/Library/Frameworks/GLUT.framework;
			refType = 2;
		};
		F51E0F2D0215EA7D01329B48 = {
			isa = PBXFrameworkReference;
			name = OpenGL.framework;
			path = ../../../../../../../System/Library/Frameworks/OpenGL.framework;
			refType = 2;
		};
		F51E0F2E0215EA7D01329B48 = {
			fileRef = F51E0F2A0215EA7D01329B48;
			isa = PBXBuildFile;
			settings = {
			};
		};
		F51E0F2F0215EA7D01329B48 = {
			fileRef = F51E0F290215EA7D01329B48;
			isa = PBXBuildFile;
			settings = {
			};
		};
		F51E0F300215EA7D01329B48 = {
			fileRef = F51E0F2B0215EA7D01329B48;
			isa = PBXBuildFile;
			settings = {
			};
		};
		F51E0F310215EA7D01329B48 = {
			fileRef = F51E0F2C0215EA7D01329B48;
			isa = PBXBuildFile;
			settings = {
			};
		};
		F51E0F320215EA7D01329B48 = {
			fileRef = F51E0F2D0215EA7D01329B48;
			isa = PBXBuildFile;
			settings = {
			};
		};
		F51E0F330215ECAC01329B48 = {
			isa = PBXFileReference;
			name = ImageLoader_Macintosh.cpp;
			path = ../../Source_Files/Misc/ImageLoader_Macintosh.cpp;
			refType = 2;
		};
		F51E0F340215ECAC01329B48 = {
			isa = PBXFileReference;
			name = ImageLoader.h;
			path = ../../Source_Files/Misc/ImageLoader.h;
			refType = 2;
		};
		F51E0F350215ECAC01329B48 = {
			isa = PBXFrameworkReference;
			name = Carbon.framework;
			path = ../../../../../../../System/Library/Frameworks/Carbon.framework;
			refType = 2;
		};
		F51E0F360215ECAC01329B48 = {
			isa = PBXFileReference;
			name = libobjc.dylib;
			path = ../../../../../../../usr/lib/libobjc.A.dylib;
			refType = 2;
		};
		F51E0F370215ECAC01329B48 = {
			fileRef = F51E0F340215ECAC01329B48;
			isa = PBXBuildFile;
			settings = {
			};
		};
		F51E0F380215ECAC01329B48 = {
			fileRef = F51E0F330215ECAC01329B48;
			isa = PBXBuildFile;
			settings = {
			};
		};
		F51E0F390215ECAC01329B48 = {
			fileRef = F51E0F350215ECAC01329B48;
			isa = PBXBuildFile;
			settings = {
			};
		};
		F51E0F3A0215ECAC01329B48 = {
			fileRef = F51E0F360215ECAC01329B48;
			isa = PBXBuildFile;
			settings = {
			};
		};
		F51E0F3B0215EDA301329B48 = {
			children = (
				F51E0F3C0215EDA301329B48,
				F51E0F3D0215EDA301329B48,
				F51E0F3E0215EDA301329B48,
				F51E0F3F0215EDA301329B48,
				F51E0F400215EDA301329B48,
				F51E0F410215EDA301329B48,
				F51E0F420215EDA301329B48,
				F51E0F430215EDA301329B48,
				F51E0F440215EDA301329B48,
				F51E0F450215EDA301329B48,
				F51E0F460215EDA301329B48,
				F51E0F470215EDA301329B48,
				F51E0F480215EDA301329B48,
				F51E0F490215EDA301329B48,
				F51E0F4A0215EDA301329B48,
				F51E0F4B0215EDA301329B48,
				F51E0F4C0215EDA301329B48,
			);
			isa = PBXGroup;
			name = CSeries;
			path = "";
			refType = 4;
		};
		F51E0F3C0215EDA301329B48 = {
			isa = PBXFileReference;
			name = byte_swapping.cpp;
			path = /Volumes/StorePartition/DevStuff/cvsroot/aleph/Source_Files/CSeries/byte_swapping.cpp;
			refType = 0;
		};
		F51E0F3D0215EDA301329B48 = {
			isa = PBXFileReference;
			name = byte_swapping.h;
			path = /Volumes/StorePartition/DevStuff/cvsroot/aleph/Source_Files/CSeries/byte_swapping.h;
			refType = 0;
		};
		F51E0F3E0215EDA301329B48 = {
			isa = PBXFileReference;
			name = csalerts_sdl.cpp;
			path = /Volumes/StorePartition/DevStuff/cvsroot/aleph/Source_Files/CSeries/csalerts_sdl.cpp;
			refType = 0;
		};
		F51E0F3F0215EDA301329B48 = {
			isa = PBXFileReference;
			name = csalerts.cpp;
			path = /Volumes/StorePartition/DevStuff/cvsroot/aleph/Source_Files/CSeries/csalerts.cpp;
			refType = 0;
		};
		F51E0F400215EDA301329B48 = {
			isa = PBXFileReference;
			name = csalerts.h;
			path = /Volumes/StorePartition/DevStuff/cvsroot/aleph/Source_Files/CSeries/csalerts.h;
			refType = 0;
		};
		F51E0F410215EDA301329B48 = {
			isa = PBXFileReference;
			name = cscluts_sdl.cpp;
			path = /Volumes/StorePartition/DevStuff/cvsroot/aleph/Source_Files/CSeries/cscluts_sdl.cpp;
			refType = 0;
		};
		F51E0F420215EDA301329B48 = {
			isa = PBXFileReference;
			name = cscluts.cpp;
			path = /Volumes/StorePartition/DevStuff/cvsroot/aleph/Source_Files/CSeries/cscluts.cpp;
			refType = 0;
		};
		F51E0F430215EDA301329B48 = {
			isa = PBXFileReference;
			name = cscluts.h;
			path = /Volumes/StorePartition/DevStuff/cvsroot/aleph/Source_Files/CSeries/cscluts.h;
			refType = 0;
		};
		F51E0F440215EDA301329B48 = {
			isa = PBXFileReference;
			name = csdialogs_macintosh.cpp;
			path = /Volumes/StorePartition/DevStuff/cvsroot/aleph/Source_Files/CSeries/csdialogs_macintosh.cpp;
			refType = 0;
		};
		F51E0F450215EDA301329B48 = {
			isa = PBXFileReference;
			name = csdialogs_sdl.cpp;
			path = /Volumes/StorePartition/DevStuff/cvsroot/aleph/Source_Files/CSeries/csdialogs_sdl.cpp;
			refType = 0;
		};
		F51E0F460215EDA301329B48 = {
			isa = PBXFileReference;
			name = my32bqd.cpp;
			path = /Volumes/StorePartition/DevStuff/cvsroot/aleph/Source_Files/CSeries/my32bqd.cpp;
			refType = 0;
		};
		F51E0F470215EDA301329B48 = {
			isa = PBXFileReference;
			name = my32bqd.h;
			path = /Volumes/StorePartition/DevStuff/cvsroot/aleph/Source_Files/CSeries/my32bqd.h;
			refType = 0;
		};
		F51E0F480215EDA301329B48 = {
			isa = PBXFileReference;
			name = mytm_mac_carbon.cpp;
			path = /Volumes/StorePartition/DevStuff/cvsroot/aleph/Source_Files/CSeries/mytm_mac_carbon.cpp;
			refType = 0;
		};
		F51E0F490215EDA301329B48 = {
			isa = PBXFileReference;
			name = mytm_macintosh.cpp;
			path = /Volumes/StorePartition/DevStuff/cvsroot/aleph/Source_Files/CSeries/mytm_macintosh.cpp;
			refType = 0;
		};
		F51E0F4A0215EDA301329B48 = {
			isa = PBXFileReference;
			name = mytm_sdl.cpp;
			path = /Volumes/StorePartition/DevStuff/cvsroot/aleph/Source_Files/CSeries/mytm_sdl.cpp;
			refType = 0;
		};
		F51E0F4B0215EDA301329B48 = {
			isa = PBXFileReference;
			name = mytm.h;
			path = /Volumes/StorePartition/DevStuff/cvsroot/aleph/Source_Files/CSeries/mytm.h;
			refType = 0;
		};
		F51E0F4C0215EDA301329B48 = {
			isa = PBXFileReference;
			name = sdl_cseries.h;
			path = /Volumes/StorePartition/DevStuff/cvsroot/aleph/Source_Files/CSeries/sdl_cseries.h;
			refType = 0;
		};
		F51E0F4D0215EDA301329B48 = {
			fileRef = F51E0F3D0215EDA301329B48;
			isa = PBXBuildFile;
			settings = {
			};
		};
		F51E0F4E0215EDA301329B48 = {
			fileRef = F51E0F400215EDA301329B48;
			isa = PBXBuildFile;
			settings = {
			};
		};
		F51E0F4F0215EDA301329B48 = {
			fileRef = F51E0F430215EDA301329B48;
			isa = PBXBuildFile;
			settings = {
			};
		};
		F51E0F500215EDA301329B48 = {
			fileRef = F51E0F470215EDA301329B48;
			isa = PBXBuildFile;
			settings = {
			};
		};
		F51E0F510215EDA301329B48 = {
			fileRef = F51E0F4B0215EDA301329B48;
			isa = PBXBuildFile;
			settings = {
			};
		};
		F51E0F520215EDA301329B48 = {
			fileRef = F51E0F3C0215EDA301329B48;
			isa = PBXBuildFile;
			settings = {
			};
		};
		F51E0F530215EDA301329B48 = {
			fileRef = F51E0F3F0215EDA301329B48;
			isa = PBXBuildFile;
			settings = {
			};
		};
		F51E0F540215EDA301329B48 = {
			fileRef = F51E0F420215EDA301329B48;
			isa = PBXBuildFile;
			settings = {
			};
		};
		F51E0F550215EDA301329B48 = {
			fileRef = F51E0F440215EDA301329B48;
			isa = PBXBuildFile;
			settings = {
			};
		};
		F51E0F560215EDA301329B48 = {
			fileRef = F51E0F460215EDA301329B48;
			isa = PBXBuildFile;
			settings = {
			};
		};
		F51E0F570215EDA301329B48 = {
			fileRef = F51E0F480215EDA301329B48;
			isa = PBXBuildFile;
			settings = {
			};
		};
		F51E0F590215EF1B01329B48 = {
			isa = PBXFrameworkReference;
			name = QuickTime.framework;
			path = ../../../../../../../System/Library/Frameworks/QuickTime.framework;
			refType = 2;
		};
		F51E0F5A0215EF1B01329B48 = {
			fileRef = F51E0F590215EF1B01329B48;
			isa = PBXBuildFile;
			settings = {
			};
		};
		F5E7393902247604010AB710 = {
			children = (
				F5E7393A02247604010AB710,
				F5E7393B02247604010AB710,
				F5E7393C02247604010AB710,
				F5E7393D02247604010AB710,
				F5E7393E02247604010AB710,
				F5E7393F02247604010AB710,
				F5E7394002247604010AB710,
				F5E7394102247604010AB710,
				F5E7394202247604010AB710,
				F5E7394302247604010AB710,
				F5E7394402247604010AB710,
				F5E7394502247604010AB710,
				F5E7394602247604010AB710,
				F5E7394702247604010AB710,
				F5E7394802247604010AB710,
				F5E7394902247604010AB710,
				F5E7394A02247604010AB710,
				F5E7394B02247604010AB710,
			);
			isa = PBXGroup;
			name = Expat;
			path = /Volumes/StorePartition/DevStuff/cvsroot/aleph/Source_Files/Expat;
			refType = 0;
		};
		F5E7393A02247604010AB710 = {
			isa = PBXFileReference;
			path = asciitab.h;
			refType = 4;
		};
		F5E7393B02247604010AB710 = {
			isa = PBXFileReference;
			path = gennmtab.c;
			refType = 4;
		};
		F5E7393C02247604010AB710 = {
			isa = PBXFileReference;
			path = hashtable.c;
			refType = 4;
		};
		F5E7393D02247604010AB710 = {
			isa = PBXFileReference;
			path = hashtable.h;
			refType = 4;
		};
		F5E7393E02247604010AB710 = {
			isa = PBXFileReference;
			path = iasciitab.h;
			refType = 4;
		};
		F5E7393F02247604010AB710 = {
			isa = PBXFileReference;
			path = latin1tab.h;
			refType = 4;
		};
		F5E7394002247604010AB710 = {
			isa = PBXFileReference;
			path = nametab.h;
			refType = 4;
		};
		F5E7394102247604010AB710 = {
			isa = PBXFileReference;
			path = utf8tab.h;
			refType = 4;
		};
		F5E7394202247604010AB710 = {
			isa = PBXFileReference;
			path = xmldef.h;
			refType = 4;
		};
		F5E7394302247604010AB710 = {
			isa = PBXFileReference;
			path = xmlparse.c;
			refType = 4;
		};
		F5E7394402247604010AB710 = {
			isa = PBXFileReference;
			path = xmlparse.h;
			refType = 4;
		};
		F5E7394502247604010AB710 = {
			isa = PBXFileReference;
			path = xmlrole.c;
			refType = 4;
		};
		F5E7394602247604010AB710 = {
			isa = PBXFileReference;
			path = xmlrole.h;
			refType = 4;
		};
		F5E7394702247604010AB710 = {
			isa = PBXFileReference;
			path = xmltok.c;
			refType = 4;
		};
		F5E7394802247604010AB710 = {
			isa = PBXFileReference;
			path = xmltok.h;
			refType = 4;
		};
		F5E7394902247604010AB710 = {
			isa = PBXFileReference;
			path = xmltok_impl.c;
			refType = 4;
		};
		F5E7394A02247604010AB710 = {
			isa = PBXFileReference;
			path = xmltok_impl.h;
			refType = 4;
		};
		F5E7394B02247604010AB710 = {
			isa = PBXFileReference;
			path = xmltok_ns.c;
			refType = 4;
		};
		F5E7394C02247604010AB710 = {
			fileRef = F5E7393A02247604010AB710;
			isa = PBXBuildFile;
			settings = {
			};
		};
		F5E7394D02247604010AB710 = {
			fileRef = F5E7393D02247604010AB710;
			isa = PBXBuildFile;
			settings = {
			};
		};
		F5E7394E02247604010AB710 = {
			fileRef = F5E7393E02247604010AB710;
			isa = PBXBuildFile;
			settings = {
			};
		};
		F5E7394F02247604010AB710 = {
			fileRef = F5E7393F02247604010AB710;
			isa = PBXBuildFile;
			settings = {
			};
		};
		F5E7395002247604010AB710 = {
			fileRef = F5E7394002247604010AB710;
			isa = PBXBuildFile;
			settings = {
			};
		};
		F5E7395102247604010AB710 = {
			fileRef = F5E7394102247604010AB710;
			isa = PBXBuildFile;
			settings = {
			};
		};
		F5E7395202247604010AB710 = {
			fileRef = F5E7394202247604010AB710;
			isa = PBXBuildFile;
			settings = {
			};
		};
		F5E7395302247604010AB710 = {
			fileRef = F5E7394402247604010AB710;
			isa = PBXBuildFile;
			settings = {
			};
		};
		F5E7395402247604010AB710 = {
			fileRef = F5E7394602247604010AB710;
			isa = PBXBuildFile;
			settings = {
			};
		};
		F5E7395502247604010AB710 = {
			fileRef = F5E7394802247604010AB710;
			isa = PBXBuildFile;
			settings = {
			};
		};
		F5E7395602247604010AB710 = {
			fileRef = F5E7394A02247604010AB710;
			isa = PBXBuildFile;
			settings = {
			};
		};
		F5E7395702247604010AB710 = {
			fileRef = F5E7393B02247604010AB710;
			isa = PBXBuildFile;
			settings = {
			};
		};
		F5E7395802247604010AB710 = {
			fileRef = F5E7393C02247604010AB710;
			isa = PBXBuildFile;
			settings = {
			};
		};
		F5E7395902247604010AB710 = {
			fileRef = F5E7394302247604010AB710;
			isa = PBXBuildFile;
			settings = {
			};
		};
		F5E7395A02247604010AB710 = {
			fileRef = F5E7394502247604010AB710;
			isa = PBXBuildFile;
			settings = {
			};
		};
		F5E7395B02247604010AB710 = {
			fileRef = F5E7394702247604010AB710;
			isa = PBXBuildFile;
			settings = {
			};
		};
		F5E7395C02247604010AB710 = {
			fileRef = F5E7394902247604010AB710;
			isa = PBXBuildFile;
			settings = {
			};
		};
		F5E7395D02247604010AB710 = {
			fileRef = F5E7394B02247604010AB710;
			isa = PBXBuildFile;
			settings = {
			};
		};
	};
	rootObject = 20286C28FDCF999611CA2CEA;
}
