
Microsoft Visual Studio Solution File, Format Version 12.00
# Visual Studio Version 17
VisualStudioVersion = 17.1.32228.430
MinimumVisualStudioVersion = 10.0.40219.1
Project("{8BC9CEB8-8B4A-11D0-8D11-00A0C91BC942}") = "AlephOne", "AlephOne\AlephOne.vcxproj", "{9AF0CA66-A621-4FE5-B986-F0CAB7647C24}"
EndProject
Project("{8BC9CEB8-8B4A-11D0-8D11-00A0C91BC942}") = "LibAlephOne", "LibAlephOne\LibAlephOne.vcxproj", "{D1A548FF-F15F-43CA-8891-F4B367122282}"
EndProject
Project("{8BC9CEB8-8B4A-11D0-8D11-00A0C91BC942}") = "Lua", "Lua\Lua.vcxproj", "{272161CB-F5DF-4F91-9C2F-D08E23FF1FDC}"
EndProject
Project("{8BC9CEB8-8B4A-11D0-8D11-00A0C91BC942}") = "Tests", "Tests\Tests.vcxproj", "{7FA2F95C-F6E9-4A89-BBD2-AF1D5B09B0B2}"
EndProject
Project("{8BC9CEB8-8B4A-11D0-8D11-00A0C91BC942}") = "Steamshim", "Steamshim\Steamshim.vcxproj", "{242043EF-8A1F-4BB3-82B1-B848B8AE6BE6}"
EndProject
Global
	GlobalSection(SolutionConfigurationPlatforms) = preSolution
		Debug|x64 = Debug|x64
		Debug|x86 = Debug|x86
		Marathon 2|x64 = Marathon 2|x64
		Marathon 2|x86 = Marathon 2|x86
		Marathon Infinity|x64 = Marathon Infinity|x64
		Marathon Infinity|x86 = Marathon Infinity|x86
		Marathon|x64 = Marathon|x64
		Marathon|x86 = Marathon|x86
		Release|x64 = Release|x64
		Release|x86 = Release|x86
		Steam Marathon|x64 = Steam Marathon|x64
		Steam Marathon|x86 = Steam Marathon|x86
	EndGlobalSection
	GlobalSection(ProjectConfigurationPlatforms) = postSolution
		{9AF0CA66-A621-4FE5-B986-F0CAB7647C24}.Debug|x64.ActiveCfg = Debug|x64
		{9AF0CA66-A621-4FE5-B986-F0CAB7647C24}.Debug|x64.Build.0 = Debug|x64
		{9AF0CA66-A621-4FE5-B986-F0CAB7647C24}.Debug|x86.ActiveCfg = Debug|Win32
		{9AF0CA66-A621-4FE5-B986-F0CAB7647C24}.Debug|x86.Build.0 = Debug|Win32
		{9AF0CA66-A621-4FE5-B986-F0CAB7647C24}.Marathon 2|x64.ActiveCfg = Marathon 2|x64
		{9AF0CA66-A621-4FE5-B986-F0CAB7647C24}.Marathon 2|x64.Build.0 = Marathon 2|x64
		{9AF0CA66-A621-4FE5-B986-F0CAB7647C24}.Marathon 2|x86.ActiveCfg = Marathon 2|Win32
		{9AF0CA66-A621-4FE5-B986-F0CAB7647C24}.Marathon 2|x86.Build.0 = Marathon 2|Win32
		{9AF0CA66-A621-4FE5-B986-F0CAB7647C24}.Marathon Infinity|x64.ActiveCfg = Marathon Infinity|x64
		{9AF0CA66-A621-4FE5-B986-F0CAB7647C24}.Marathon Infinity|x64.Build.0 = Marathon Infinity|x64
		{9AF0CA66-A621-4FE5-B986-F0CAB7647C24}.Marathon Infinity|x86.ActiveCfg = Marathon Infinity|Win32
		{9AF0CA66-A621-4FE5-B986-F0CAB7647C24}.Marathon Infinity|x86.Build.0 = Marathon Infinity|Win32
		{9AF0CA66-A621-4FE5-B986-F0CAB7647C24}.Marathon|x64.ActiveCfg = Marathon|x64
		{9AF0CA66-A621-4FE5-B986-F0CAB7647C24}.Marathon|x64.Build.0 = Marathon|x64
		{9AF0CA66-A621-4FE5-B986-F0CAB7647C24}.Marathon|x86.ActiveCfg = Marathon|Win32
		{9AF0CA66-A621-4FE5-B986-F0CAB7647C24}.Marathon|x86.Build.0 = Marathon|Win32
		{9AF0CA66-A621-4FE5-B986-F0CAB7647C24}.Release|x64.ActiveCfg = Release|x64
		{9AF0CA66-A621-4FE5-B986-F0CAB7647C24}.Release|x64.Build.0 = Release|x64
		{9AF0CA66-A621-4FE5-B986-F0CAB7647C24}.Release|x86.ActiveCfg = Release|Win32
		{9AF0CA66-A621-4FE5-B986-F0CAB7647C24}.Release|x86.Build.0 = Release|Win32
		{9AF0CA66-A621-4FE5-B986-F0CAB7647C24}.Steam Marathon|x64.ActiveCfg = Steam Marathon|x64
		{9AF0CA66-A621-4FE5-B986-F0CAB7647C24}.Steam Marathon|x64.Build.0 = Steam Marathon|x64
		{9AF0CA66-A621-4FE5-B986-F0CAB7647C24}.Steam Marathon|x86.ActiveCfg = Steam Marathon|Win32
		{9AF0CA66-A621-4FE5-B986-F0CAB7647C24}.Steam Marathon|x86.Build.0 = Steam Marathon|Win32
		{D1A548FF-F15F-43CA-8891-F4B367122282}.Debug|x64.ActiveCfg = Debug|x64
		{D1A548FF-F15F-43CA-8891-F4B367122282}.Debug|x64.Build.0 = Debug|x64
		{D1A548FF-F15F-43CA-8891-F4B367122282}.Debug|x86.ActiveCfg = Debug|Win32
		{D1A548FF-F15F-43CA-8891-F4B367122282}.Debug|x86.Build.0 = Debug|Win32
		{D1A548FF-F15F-43CA-8891-F4B367122282}.Marathon 2|x64.ActiveCfg = Release|x64
		{D1A548FF-F15F-43CA-8891-F4B367122282}.Marathon 2|x64.Build.0 = Release|x64
		{D1A548FF-F15F-43CA-8891-F4B367122282}.Marathon 2|x86.ActiveCfg = Release|Win32
		{D1A548FF-F15F-43CA-8891-F4B367122282}.Marathon 2|x86.Build.0 = Release|Win32
		{D1A548FF-F15F-43CA-8891-F4B367122282}.Marathon Infinity|x64.ActiveCfg = Release|x64
		{D1A548FF-F15F-43CA-8891-F4B367122282}.Marathon Infinity|x64.Build.0 = Release|x64
		{D1A548FF-F15F-43CA-8891-F4B367122282}.Marathon Infinity|x86.ActiveCfg = Release|Win32
		{D1A548FF-F15F-43CA-8891-F4B367122282}.Marathon Infinity|x86.Build.0 = Release|Win32
		{D1A548FF-F15F-43CA-8891-F4B367122282}.Marathon|x64.ActiveCfg = Release|x64
		{D1A548FF-F15F-43CA-8891-F4B367122282}.Marathon|x64.Build.0 = Release|x64
		{D1A548FF-F15F-43CA-8891-F4B367122282}.Marathon|x86.ActiveCfg = Release|Win32
		{D1A548FF-F15F-43CA-8891-F4B367122282}.Marathon|x86.Build.0 = Release|Win32
		{D1A548FF-F15F-43CA-8891-F4B367122282}.Release|x64.ActiveCfg = Release|x64
		{D1A548FF-F15F-43CA-8891-F4B367122282}.Release|x64.Build.0 = Release|x64
		{D1A548FF-F15F-43CA-8891-F4B367122282}.Release|x86.ActiveCfg = Release|Win32
		{D1A548FF-F15F-43CA-8891-F4B367122282}.Release|x86.Build.0 = Release|Win32
		{D1A548FF-F15F-43CA-8891-F4B367122282}.Steam Marathon|x64.ActiveCfg = Steam Marathon|x64
		{D1A548FF-F15F-43CA-8891-F4B367122282}.Steam Marathon|x64.Build.0 = Steam Marathon|x64
		{D1A548FF-F15F-43CA-8891-F4B367122282}.Steam Marathon|x86.ActiveCfg = Steam Marathon|Win32
		{D1A548FF-F15F-43CA-8891-F4B367122282}.Steam Marathon|x86.Build.0 = Steam Marathon|Win32
		{272161CB-F5DF-4F91-9C2F-D08E23FF1FDC}.Debug|x64.ActiveCfg = Debug|x64
		{272161CB-F5DF-4F91-9C2F-D08E23FF1FDC}.Debug|x64.Build.0 = Debug|x64
		{272161CB-F5DF-4F91-9C2F-D08E23FF1FDC}.Debug|x86.ActiveCfg = Debug|Win32
		{272161CB-F5DF-4F91-9C2F-D08E23FF1FDC}.Debug|x86.Build.0 = Debug|Win32
		{272161CB-F5DF-4F91-9C2F-D08E23FF1FDC}.Marathon 2|x64.ActiveCfg = Release|x64
		{272161CB-F5DF-4F91-9C2F-D08E23FF1FDC}.Marathon 2|x64.Build.0 = Release|x64
		{272161CB-F5DF-4F91-9C2F-D08E23FF1FDC}.Marathon 2|x86.ActiveCfg = Release|Win32
		{272161CB-F5DF-4F91-9C2F-D08E23FF1FDC}.Marathon 2|x86.Build.0 = Release|Win32
		{272161CB-F5DF-4F91-9C2F-D08E23FF1FDC}.Marathon Infinity|x64.ActiveCfg = Release|x64
		{272161CB-F5DF-4F91-9C2F-D08E23FF1FDC}.Marathon Infinity|x64.Build.0 = Release|x64
		{272161CB-F5DF-4F91-9C2F-D08E23FF1FDC}.Marathon Infinity|x86.ActiveCfg = Release|Win32
		{272161CB-F5DF-4F91-9C2F-D08E23FF1FDC}.Marathon Infinity|x86.Build.0 = Release|Win32
		{272161CB-F5DF-4F91-9C2F-D08E23FF1FDC}.Marathon|x64.ActiveCfg = Release|x64
		{272161CB-F5DF-4F91-9C2F-D08E23FF1FDC}.Marathon|x64.Build.0 = Release|x64
		{272161CB-F5DF-4F91-9C2F-D08E23FF1FDC}.Marathon|x86.ActiveCfg = Release|Win32
		{272161CB-F5DF-4F91-9C2F-D08E23FF1FDC}.Marathon|x86.Build.0 = Release|Win32
		{272161CB-F5DF-4F91-9C2F-D08E23FF1FDC}.Release|x64.ActiveCfg = Release|x64
		{272161CB-F5DF-4F91-9C2F-D08E23FF1FDC}.Release|x64.Build.0 = Release|x64
		{272161CB-F5DF-4F91-9C2F-D08E23FF1FDC}.Release|x86.ActiveCfg = Release|Win32
		{272161CB-F5DF-4F91-9C2F-D08E23FF1FDC}.Release|x86.Build.0 = Release|Win32
		{272161CB-F5DF-4F91-9C2F-D08E23FF1FDC}.Steam Marathon|x64.ActiveCfg = Release|x64
		{272161CB-F5DF-4F91-9C2F-D08E23FF1FDC}.Steam Marathon|x64.Build.0 = Release|x64
		{272161CB-F5DF-4F91-9C2F-D08E23FF1FDC}.Steam Marathon|x86.ActiveCfg = Release|Win32
		{272161CB-F5DF-4F91-9C2F-D08E23FF1FDC}.Steam Marathon|x86.Build.0 = Release|Win32
		{7FA2F95C-F6E9-4A89-BBD2-AF1D5B09B0B2}.Debug|x64.ActiveCfg = Debug|x64
		{7FA2F95C-F6E9-4A89-BBD2-AF1D5B09B0B2}.Debug|x64.Build.0 = Debug|x64
		{7FA2F95C-F6E9-4A89-BBD2-AF1D5B09B0B2}.Debug|x86.ActiveCfg = Debug|Win32
		{7FA2F95C-F6E9-4A89-BBD2-AF1D5B09B0B2}.Debug|x86.Build.0 = Debug|Win32
		{7FA2F95C-F6E9-4A89-BBD2-AF1D5B09B0B2}.Marathon 2|x64.ActiveCfg = Release|x64
		{7FA2F95C-F6E9-4A89-BBD2-AF1D5B09B0B2}.Marathon 2|x64.Build.0 = Release|x64
		{7FA2F95C-F6E9-4A89-BBD2-AF1D5B09B0B2}.Marathon 2|x86.ActiveCfg = Release|Win32
		{7FA2F95C-F6E9-4A89-BBD2-AF1D5B09B0B2}.Marathon 2|x86.Build.0 = Release|Win32
		{7FA2F95C-F6E9-4A89-BBD2-AF1D5B09B0B2}.Marathon Infinity|x64.ActiveCfg = Release|x64
		{7FA2F95C-F6E9-4A89-BBD2-AF1D5B09B0B2}.Marathon Infinity|x64.Build.0 = Release|x64
		{7FA2F95C-F6E9-4A89-BBD2-AF1D5B09B0B2}.Marathon Infinity|x86.ActiveCfg = Release|Win32
		{7FA2F95C-F6E9-4A89-BBD2-AF1D5B09B0B2}.Marathon Infinity|x86.Build.0 = Release|Win32
		{7FA2F95C-F6E9-4A89-BBD2-AF1D5B09B0B2}.Marathon|x64.ActiveCfg = Release|x64
		{7FA2F95C-F6E9-4A89-BBD2-AF1D5B09B0B2}.Marathon|x64.Build.0 = Release|x64
		{7FA2F95C-F6E9-4A89-BBD2-AF1D5B09B0B2}.Marathon|x86.ActiveCfg = Release|Win32
		{7FA2F95C-F6E9-4A89-BBD2-AF1D5B09B0B2}.Marathon|x86.Build.0 = Release|Win32
		{7FA2F95C-F6E9-4A89-BBD2-AF1D5B09B0B2}.Release|x64.ActiveCfg = Release|x64
		{7FA2F95C-F6E9-4A89-BBD2-AF1D5B09B0B2}.Release|x64.Build.0 = Release|x64
		{7FA2F95C-F6E9-4A89-BBD2-AF1D5B09B0B2}.Release|x86.ActiveCfg = Release|Win32
		{7FA2F95C-F6E9-4A89-BBD2-AF1D5B09B0B2}.Release|x86.Build.0 = Release|Win32
		{7FA2F95C-F6E9-4A89-BBD2-AF1D5B09B0B2}.Steam Marathon|x64.ActiveCfg = Release|x64
		{7FA2F95C-F6E9-4A89-BBD2-AF1D5B09B0B2}.Steam Marathon|x64.Build.0 = Release|x64
		{7FA2F95C-F6E9-4A89-BBD2-AF1D5B09B0B2}.Steam Marathon|x86.ActiveCfg = Release|Win32
		{7FA2F95C-F6E9-4A89-BBD2-AF1D5B09B0B2}.Steam Marathon|x86.Build.0 = Release|Win32
		{242043EF-8A1F-4BB3-82B1-B848B8AE6BE6}.Debug|x64.ActiveCfg = Debug|x64
		{242043EF-8A1F-4BB3-82B1-B848B8AE6BE6}.Debug|x64.Build.0 = Debug|x64
		{242043EF-8A1F-4BB3-82B1-B848B8AE6BE6}.Debug|x86.ActiveCfg = Debug|Win32
		{242043EF-8A1F-4BB3-82B1-B848B8AE6BE6}.Debug|x86.Build.0 = Debug|Win32
		{242043EF-8A1F-4BB3-82B1-B848B8AE6BE6}.Marathon 2|x64.ActiveCfg = Release|x64
		{242043EF-8A1F-4BB3-82B1-B848B8AE6BE6}.Marathon 2|x64.Build.0 = Release|x64
		{242043EF-8A1F-4BB3-82B1-B848B8AE6BE6}.Marathon 2|x86.ActiveCfg = Release|Win32
		{242043EF-8A1F-4BB3-82B1-B848B8AE6BE6}.Marathon 2|x86.Build.0 = Release|Win32
		{242043EF-8A1F-4BB3-82B1-B848B8AE6BE6}.Marathon Infinity|x64.ActiveCfg = Release|x64
		{242043EF-8A1F-4BB3-82B1-B848B8AE6BE6}.Marathon Infinity|x64.Build.0 = Release|x64
		{242043EF-8A1F-4BB3-82B1-B848B8AE6BE6}.Marathon Infinity|x86.ActiveCfg = Release|Win32
		{242043EF-8A1F-4BB3-82B1-B848B8AE6BE6}.Marathon Infinity|x86.Build.0 = Release|Win32
		{242043EF-8A1F-4BB3-82B1-B848B8AE6BE6}.Marathon|x64.ActiveCfg = Release|x64
		{242043EF-8A1F-4BB3-82B1-B848B8AE6BE6}.Marathon|x64.Build.0 = Release|x64
		{242043EF-8A1F-4BB3-82B1-B848B8AE6BE6}.Marathon|x86.ActiveCfg = Release|Win32
		{242043EF-8A1F-4BB3-82B1-B848B8AE6BE6}.Marathon|x86.Build.0 = Release|Win32
		{242043EF-8A1F-4BB3-82B1-B848B8AE6BE6}.Release|x64.ActiveCfg = Release|x64
		{242043EF-8A1F-4BB3-82B1-B848B8AE6BE6}.Release|x64.Build.0 = Release|x64
		{242043EF-8A1F-4BB3-82B1-B848B8AE6BE6}.Release|x86.ActiveCfg = Release|Win32
		{242043EF-8A1F-4BB3-82B1-B848B8AE6BE6}.Release|x86.Build.0 = Release|Win32
		{242043EF-8A1F-4BB3-82B1-B848B8AE6BE6}.Steam Marathon|x64.ActiveCfg = Release|x64
		{242043EF-8A1F-4BB3-82B1-B848B8AE6BE6}.Steam Marathon|x64.Build.0 = Release|x64
		{242043EF-8A1F-4BB3-82B1-B848B8AE6BE6}.Steam Marathon|x86.ActiveCfg = Release|Win32
		{242043EF-8A1F-4BB3-82B1-B848B8AE6BE6}.Steam Marathon|x86.Build.0 = Release|Win32
	EndGlobalSection
	GlobalSection(SolutionProperties) = preSolution
		HideSolutionNode = FALSE
	EndGlobalSection
	GlobalSection(ExtensibilityGlobals) = postSolution
		SolutionGuid = {E86D277F-E3B3-4D8D-AF69-A0410609F358}
	EndGlobalSection
EndGlobal
